
Microsoft Visual Studio Solution File, Format Version 12.00
# Visual Studio Version 17
VisualStudioVersion = 17.9.34728.123
MinimumVisualStudioVersion = 10.0.40219.1
Project("{FAE04EC0-301F-11D3-BF4B-00C04F79EFBC}") = "URNA ELETRONICA", "URNA ELETRONICA.csproj", "{CAE39A6E-D124-4B88-BE67-F95D4B786559}"
EndProject
Global
	GlobalSection(SolutionConfigurationPlatforms) = preSolution
		Debug|Any CPU = Debug|Any CPU
		Release|Any CPU = Release|Any CPU
	EndGlobalSection
	GlobalSection(ProjectConfigurationPlatforms) = postSolution
		{CAE39A6E-D124-4B88-BE67-F95D4B786559}.Debug|Any CPU.ActiveCfg = Debug|Any CPU
		{CAE39A6E-D124-4B88-BE67-F95D4B786559}.Debug|Any CPU.Build.0 = Debug|Any CPU
		{CAE39A6E-D124-4B88-BE67-F95D4B786559}.Release|Any CPU.ActiveCfg = Release|Any CPU
		{CAE39A6E-D124-4B88-BE67-F95D4B786559}.Release|Any CPU.Build.0 = Release|Any CPU
	EndGlobalSection
	GlobalSection(SolutionProperties) = preSolution
		HideSolutionNode = FALSE
	EndGlobalSection
	GlobalSection(ExtensibilityGlobals) = postSolution
		SolutionGuid = {D01AAF0F-2032-4B98-B293-1659D86A7B18}
	EndGlobalSection
EndGlobal
